schema: '2.0'
stages:
  generate_data:
    cmd: python src/data/generate_raw_data.py
    outs:
    - path: data/raw/products.csv
      hash: md5
      md5: e290abff4b46d6e841c626406e8acd1b
      size: 98
    - path: data/raw/reviews.csv
      hash: md5
      md5: 45d5ce9ac825812e27fa858908dbe016
      size: 145
    - path: data/raw/sales.csv
      hash: md5
      md5: 438a371cb3cef8d6b2311d565c5b074b
      size: 3442
  preprocess:
    cmd: python src/data/preprocess.py
    deps:
    - path: data/raw/products.csv
      hash: md5
      md5: e290abff4b46d6e841c626406e8acd1b
      size: 98
    - path: data/raw/reviews.csv
      hash: md5
      md5: 45d5ce9ac825812e27fa858908dbe016
      size: 145
    - path: data/raw/sales.csv
      hash: md5
      md5: 438a371cb3cef8d6b2311d565c5b074b
      size: 3442
    - path: src/data/preprocess.py
      hash: md5
      md5: 597f5f7844179cb18aa644e14ddf5814
      size: 1119
    outs:
    - path: data/processed/products.csv
      hash: md5
      md5: e290abff4b46d6e841c626406e8acd1b
      size: 98
    - path: data/processed/reviews.csv
      hash: md5
      md5: 45d5ce9ac825812e27fa858908dbe016
      size: 145
    - path: data/processed/sales.csv
      hash: md5
      md5: 438a371cb3cef8d6b2311d565c5b074b
      size: 3442
  build_timeseries_features:
    cmd: python src/data/build_timeseries_features.py
    deps:
    - path: data/processed/sales.csv
      hash: md5
      md5: 438a371cb3cef8d6b2311d565c5b074b
      size: 3442
    - path: src/data/build_timeseries_features.py
      hash: md5
      md5: 6e65c38b7aa16b912858819e133bdbfa
      size: 834
    outs:
    - path: data/features/timeseries_features.csv
      hash: md5
      md5: e373f2b6f6cf22a9dd46715661f4f5c5
      size: 7068
  train_baseline_model:
    cmd: python src/models/timeseries.py
    deps:
    - path: data/features/timeseries_features.csv
      hash: md5
      md5: e373f2b6f6cf22a9dd46715661f4f5c5
      size: 7068
    - path: src/models/timeseries.py
      hash: md5
      md5: 5240c93453ce31761489e7d0e5d0ce25
      size: 861
    outs:
    - path: data/features/baseline_forecast.csv
      hash: md5
      md5: fa7f9082784d5fbed25424210af6ab6b
      size: 1961
